<?xml version="1.0" encoding="utf-8"?>
<Project ToolsVersion="4.0" xmlns="http://schemas.microsoft.com/developer/msbuild/2003">
  <ItemGroup>
    <Filter Include="Resource Files">
      <UniqueIdentifier>{D9D6E242-F8AF-46E4-B9FD-80ECBC20BA3E}</UniqueIdentifier>
      <Extensions>qrc;*</Extensions>
      <ParseFiles>false</ParseFiles>
    </Filter>
    <Filter Include="Form Files">
      <UniqueIdentifier>{99349809-55BA-4b9d-BF79-8FDBB0286EB3}</UniqueIdentifier>
      <Extensions>ui</Extensions>
    </Filter>
    <Filter Include="Resource Files">
      <UniqueIdentifier>{D9D6E242-F8AF-46E4-B9FD-80ECBC20BA3E}</UniqueIdentifier>
      <Extensions>qrc;*</Extensions>
      <ParseFiles>false</ParseFiles>
    </Filter>
    <Filter Include="Generated Files">
      <UniqueIdentifier>{71ED8ED8-ACB9-4CE9-BBE1-E00B30144E11}</UniqueIdentifier>
      <Extensions>moc;h;cpp</Extensions>
      <SourceControlFiles>False</SourceControlFiles>
    </Filter>
    <Filter Include="src">
      <UniqueIdentifier>{c7d2994d-cbcf-41a2-8ba9-754d8b51009f}</UniqueIdentifier>
    </Filter>
  </ItemGroup>
  <ItemGroup>
    <ClCompile Include="..\src\detailgui.cpp">
      <Filter>src</Filter>
    </ClCompile>
    <ClCompile Include="..\src\duplicatemodel.cpp">
      <Filter>src</Filter>
    </ClCompile>
    <ClCompile Include="..\src\fsdiff.cpp">
      <Filter>src</Filter>
    </ClCompile>
    <ClCompile Include="..\src\main.cpp">
      <Filter>src</Filter>
    </ClCompile>
    <ClCompile Include="..\src\maingui.cpp">
      <Filter>src</Filter>
    </ClCompile>
    <ClCompile Include="..\src\opengui.cpp">
      <Filter>src</Filter>
    </ClCompile>
    <ClCompile Include="..\src\sortfilterproxy.cpp">
      <Filter>src</Filter>
    </ClCompile>
    <ClCompile Include="..\src\treemodel.cpp">
      <Filter>src</Filter>
    </ClCompile>
    <ClCompile Include="..\src\filter.cpp">
      <Filter>src</Filter>
    </ClCompile>
    <ClCompile Include="..\src\logger.cpp">
      <Filter>src</Filter>
    </ClCompile>
  </ItemGroup>
  <ItemGroup>
    <ClInclude Include="..\src\detailgui.h">
      <Filter>src</Filter>
    </ClInclude>
    <ClInclude Include="..\src\fsdiff.h">
      <Filter>src</Filter>
    </ClInclude>
    <ClInclude Include="..\src\maingui.h">
      <Filter>src</Filter>
    </ClInclude>
    <ClInclude Include="..\src\sortfilterproxy.h">
      <Filter>src</Filter>
    </ClInclude>
    <ClInclude Include="resource.h">
      <Filter>Generated Files</Filter>
    </ClInclude>
    <ClInclude Include="..\src\logger.h">
      <Filter>src</Filter>
    </ClInclude>
  </ItemGroup>
  <ItemGroup>
    <QtMoc Include="..\src\duplicatemodel.h">
      <Filter>src</Filter>
    </QtMoc>
    <QtMoc Include="..\src\opengui.h">
      <Filter>src</Filter>
    </QtMoc>
    <QtMoc Include="..\src\treemodel.h">
      <Filter>src</Filter>
    </QtMoc>
    <QtMoc Include="..\src\filter.h">
      <Filter>src</Filter>
    </QtMoc>
  </ItemGroup>
  <ItemGroup>
    <None Include="..\src\Makefile">
      <Filter>src</Filter>
    </None>
  </ItemGroup>
  <ItemGroup>
    <ResourceCompile Include="main.rc" />
  </ItemGroup>
  <ItemGroup>
    <Image Include="..\logo.ico" />
  </ItemGroup>
</Project>